// !$*UTF8*$!
{
	archiveVersion = 1;
	classes = {
	};
	objectVersion = 56;
	objects = {

/* Begin PBXBuildFile section */
		8A00A4F82B7A265E0035AD83 /* Button.swift in Sources */ = {isa = PBXBuildFile; fileRef = 8A00A4F72B7A265E0035AD83 /* Button.swift */; };
		8A0BBE5D2A5D7543003A6708 /* Cat.swift in Sources */ = {isa = PBXBuildFile; fileRef = 8A0BBE5C2A5D7543003A6708 /* Cat.swift */; };
		8A0BBE5F2A5D7601003A6708 /* CatsView.swift in Sources */ = {isa = PBXBuildFile; fileRef = 8A0BBE5E2A5D7601003A6708 /* CatsView.swift */; };
		8A0BBE612A5D7615003A6708 /* FavoritesView.swift in Sources */ = {isa = PBXBuildFile; fileRef = 8A0BBE602A5D7615003A6708 /* FavoritesView.swift */; };
		8A1B3CE72B7A2BA100AB78EC /* TextField.swift in Sources */ = {isa = PBXBuildFile; fileRef = 8A1B3CE62B7A2BA100AB78EC /* TextField.swift */; };
		8A6160382B76818200BB98F4 /* CatManager.swift in Sources */ = {isa = PBXBuildFile; fileRef = 8A6160372B76818200BB98F4 /* CatManager.swift */; };
		8A61603A2B76836100BB98F4 /* CatsViewModel.swift in Sources */ = {isa = PBXBuildFile; fileRef = 8A6160392B76836100BB98F4 /* CatsViewModel.swift */; };
		8A8EFE2E2A45B29E00282186 /* GatilhosApp.swift in Sources */ = {isa = PBXBuildFile; fileRef = 8A8EFE2D2A45B29E00282186 /* GatilhosApp.swift */; };
		8A8EFE302A45B29E00282186 /* MainView.swift in Sources */ = {isa = PBXBuildFile; fileRef = 8A8EFE2F2A45B29E00282186 /* MainView.swift */; };
		8A8EFE322A45B2A000282186 /* Assets.xcassets in Resources */ = {isa = PBXBuildFile; fileRef = 8A8EFE312A45B2A000282186 /* Assets.xcassets */; };
		8A8EFE352A45B2A000282186 /* Preview Assets.xcassets in Resources */ = {isa = PBXBuildFile; fileRef = 8A8EFE342A45B2A000282186 /* Preview Assets.xcassets */; };
/* End PBXBuildFile section */

/* Begin PBXFileReference section */
		8A00A4F72B7A265E0035AD83 /* Button.swift */ = {isa = PBXFileReference; lastKnownFileType = sourcecode.swift; path = Button.swift; sourceTree = "<group>"; };
		8A0BBE5C2A5D7543003A6708 /* Cat.swift */ = {isa = PBXFileReference; lastKnownFileType = sourcecode.swift; path = Cat.swift; sourceTree = "<group>"; };
		8A0BBE5E2A5D7601003A6708 /* CatsView.swift */ = {isa = PBXFileReference; lastKnownFileType = sourcecode.swift; path = CatsView.swift; sourceTree = "<group>"; };
		8A0BBE602A5D7615003A6708 /* FavoritesView.swift */ = {isa = PBXFileReference; lastKnownFileType = sourcecode.swift; path = FavoritesView.swift; sourceTree = "<group>"; };
		8A1B3CE62B7A2BA100AB78EC /* TextField.swift */ = {isa = PBXFileReference; lastKnownFileType = sourcecode.swift; path = TextField.swift; sourceTree = "<group>"; };
		8A6160372B76818200BB98F4 /* CatManager.swift */ = {isa = PBXFileReference; lastKnownFileType = sourcecode.swift; path = CatManager.swift; sourceTree = "<group>"; };
		8A6160392B76836100BB98F4 /* CatsViewModel.swift */ = {isa = PBXFileReference; lastKnownFileType = sourcecode.swift; path = CatsViewModel.swift; sourceTree = "<group>"; };
		8A8EFE2A2A45B29E00282186 /* gatilhos.app */ = {isa = PBXFileReference; explicitFileType = wrapper.application; includeInIndex = 0; path = gatilhos.app; sourceTree = BUILT_PRODUCTS_DIR; };
		8A8EFE2D2A45B29E00282186 /* GatilhosApp.swift */ = {isa = PBXFileReference; lastKnownFileType = sourcecode.swift; path = GatilhosApp.swift; sourceTree = "<group>"; };
		8A8EFE2F2A45B29E00282186 /* MainView.swift */ = {isa = PBXFileReference; lastKnownFileType = sourcecode.swift; path = MainView.swift; sourceTree = "<group>"; };
		8A8EFE312A45B2A000282186 /* Assets.xcassets */ = {isa = PBXFileReference; lastKnownFileType = folder.assetcatalog; path = Assets.xcassets; sourceTree = "<group>"; };
		8A8EFE342A45B2A000282186 /* Preview Assets.xcassets */ = {isa = PBXFileReference; lastKnownFileType = folder.assetcatalog; path = "Preview Assets.xcassets"; sourceTree = "<group>"; };
/* End PBXFileReference section */

/* Begin PBXFrameworksBuildPhase section */
		8A8EFE272A45B29E00282186 /* Frameworks */ = {
			isa = PBXFrameworksBuildPhase;
			buildActionMask = 2147483647;
			files = (
			);
			runOnlyForDeploymentPostprocessing = 0;
		};
/* End PBXFrameworksBuildPhase section */

/* Begin PBXGroup section */
		8A00A4F62B7A26360035AD83 /* Components */ = {
			isa = PBXGroup;
			children = (
				8A00A4F72B7A265E0035AD83 /* Button.swift */,
				8A1B3CE62B7A2BA100AB78EC /* TextField.swift */,
			);
			path = Components;
			sourceTree = "<group>";
		};
		8A0BBE622A5D7671003A6708 /* Cats */ = {
			isa = PBXGroup;
			children = (
				8A0BBE5E2A5D7601003A6708 /* CatsView.swift */,
				8A6160392B76836100BB98F4 /* CatsViewModel.swift */,
			);
			path = Cats;
			sourceTree = "<group>";
		};
		8A0BBE662A5D781E003A6708 /* Model */ = {
			isa = PBXGroup;
			children = (
				8A0BBE5C2A5D7543003A6708 /* Cat.swift */,
				8A6160372B76818200BB98F4 /* CatManager.swift */,
			);
			path = Model;
			sourceTree = "<group>";
		};
		8A6160362B767C9E00BB98F4 /* Favorites */ = {
			isa = PBXGroup;
			children = (
				8A0BBE602A5D7615003A6708 /* FavoritesView.swift */,
			);
			path = Favorites;
			sourceTree = "<group>";
		};
		8A8EFE212A45B29E00282186 = {
			isa = PBXGroup;
			children = (
				8A8EFE2C2A45B29E00282186 /* catilhos */,
				8A8EFE2B2A45B29E00282186 /* Products */,
			);
			sourceTree = "<group>";
		};
		8A8EFE2B2A45B29E00282186 /* Products */ = {
			isa = PBXGroup;
			children = (
				8A8EFE2A2A45B29E00282186 /* gatilhos.app */,
			);
			name = Products;
			sourceTree = "<group>";
		};
		8A8EFE2C2A45B29E00282186 /* catilhos */ = {
			isa = PBXGroup;
			children = (
				8A8EFE2D2A45B29E00282186 /* GatilhosApp.swift */,
				8A8EFE2F2A45B29E00282186 /* MainView.swift */,
				8A8EFE312A45B2A000282186 /* Assets.xcassets */,
				8A0BBE622A5D7671003A6708 /* Cats */,
				8A6160362B767C9E00BB98F4 /* Favorites */,
				8A0BBE662A5D781E003A6708 /* Model */,
				8A00A4F62B7A26360035AD83 /* Components */,
				8A8EFE332A45B2A000282186 /* Preview Content */,
			);
			path = catilhos;
			sourceTree = "<group>";
		};
		8A8EFE332A45B2A000282186 /* Preview Content */ = {
			isa = PBXGroup;
			children = (
				8A8EFE342A45B2A000282186 /* Preview Assets.xcassets */,
			);
			path = "Preview Content";
			sourceTree = "<group>";
		};
/* End PBXGroup section */

/* Begin PBXNativeTarget section */
		8A8EFE292A45B29E00282186 /* gatilhos */ = {
			isa = PBXNativeTarget;
			buildConfigurationList = 8A8EFE382A45B2A000282186 /* Build configuration list for PBXNativeTarget "gatilhos" */;
			buildPhases = (
				8A8EFE262A45B29E00282186 /* Sources */,
				8A8EFE272A45B29E00282186 /* Frameworks */,
				8A8EFE282A45B29E00282186 /* Resources */,
			);
			buildRules = (
			);
			dependencies = (
			);
			name = gatilhos;
			productName = catilhos;
			productReference = 8A8EFE2A2A45B29E00282186 /* gatilhos.app */;
			productType = "com.apple.product-type.application";
		};
/* End PBXNativeTarget section */

/* Begin PBXProject section */
		8A8EFE222A45B29E00282186 /* Project object */ = {
			isa = PBXProject;
			attributes = {
				BuildIndependentTargetsInParallel = 1;
				LastSwiftUpdateCheck = 1430;
				LastUpgradeCheck = 1520;
				TargetAttributes = {
					8A8EFE292A45B29E00282186 = {
						CreatedOnToolsVersion = 14.3.1;
					};
				};
			};
			buildConfigurationList = 8A8EFE252A45B29E00282186 /* Build configuration list for PBXProject "gatilhos" */;
			compatibilityVersion = "Xcode 14.0";
			developmentRegion = en;
			hasScannedForEncodings = 0;
			knownRegions = (
				en,
				Base,
			);
			mainGroup = 8A8EFE212A45B29E00282186;
			productRefGroup = 8A8EFE2B2A45B29E00282186 /* Products */;
			projectDirPath = "";
			projectRoot = "";
			targets = (
				8A8EFE292A45B29E00282186 /* gatilhos */,
			);
		};
/* End PBXProject section */

/* Begin PBXResourcesBuildPhase section */
		8A8EFE282A45B29E00282186 /* Resources */ = {
			isa = PBXResourcesBuildPhase;
			buildActionMask = 2147483647;
			files = (
				8A8EFE352A45B2A000282186 /* Preview Assets.xcassets in Resources */,
				8A8EFE322A45B2A000282186 /* Assets.xcassets in Resources */,
			);
			runOnlyForDeploymentPostprocessing = 0;
		};
/* End PBXResourcesBuildPhase section */

/* Begin PBXSourcesBuildPhase section */
		8A8EFE262A45B29E00282186 /* Sources */ = {
			isa = PBXSourcesBuildPhase;
			buildActionMask = 2147483647;
			files = (
				8A8EFE302A45B29E00282186 /* MainView.swift in Sources */,
				8A0BBE612A5D7615003A6708 /* FavoritesView.swift in Sources */,
				8A0BBE5D2A5D7543003A6708 /* Cat.swift in Sources */,
				8A61603A2B76836100BB98F4 /* CatsViewModel.swift in Sources */,
				8A0BBE5F2A5D7601003A6708 /* CatsView.swift in Sources */,
				8A8EFE2E2A45B29E00282186 /* GatilhosApp.swift in Sources */,
				8A1B3CE72B7A2BA100AB78EC /* TextField.swift in Sources */,
				8A6160382B76818200BB98F4 /* CatManager.swift in Sources */,
				8A00A4F82B7A265E0035AD83 /* Button.swift in Sources */,
			);
			runOnlyForDeploymentPostprocessing = 0;
		};
/* End PBXSourcesBuildPhase section */

/* Begin XCBuildConfiguration section */
		8A8EFE362A45B2A000282186 /* Debug */ = {
			isa = XCBuildConfiguration;
			buildSettings = {
				ALWAYS_SEARCH_USER_PATHS = NO;
				CLANG_ANALYZER_NONNULL = YES;
				CLANG_ANALYZER_NUMBER_OBJECT_CONVERSION = YES_AGGRESSIVE;
				CLANG_CXX_LANGUAGE_STANDARD = "gnu++20";
				CLANG_ENABLE_MODULES = YES;
				CLANG_ENABLE_OBJC_ARC = YES;
				CLANG_ENABLE_OBJC_WEAK = YES;
				CLANG_WARN_BLOCK_CAPTURE_AUTORELEASING = YES;
				CLANG_WARN_BOOL_CONVERSION = YES;
				CLANG_WARN_COMMA = YES;
				CLANG_WARN_CONSTANT_CONVERSION = YES;
				CLANG_WARN_DEPRECATED_OBJC_IMPLEMENTATIONS = YES;
				CLANG_WARN_DIRECT_OBJC_ISA_USAGE = YES_ERROR;
				CLANG_WARN_DOCUMENTATION_COMMENTS = YES;
				CLANG_WARN_EMPTY_BODY = YES;
				CLANG_WARN_ENUM_CONVERSION = YES;
				CLANG_WARN_INFINITE_RECURSION = YES;
				CLANG_WARN_INT_CONVERSION = YES;
				CLANG_WARN_NON_LITERAL_NULL_CONVERSION = YES;
				CLANG_WARN_OBJC_IMPLICIT_RETAIN_SELF = YES;
				CLANG_WARN_OBJC_LITERAL_CONVERSION = YES;
				CLANG_WARN_OBJC_ROOT_CLASS = YES_ERROR;
				CLANG_WARN_QUOTED_INCLUDE_IN_FRAMEWORK_HEADER = YES;
				CLANG_WARN_RANGE_LOOP_ANALYSIS = YES;
				CLANG_WARN_STRICT_PROTOTYPES = YES;
				CLANG_WARN_SUSPICIOUS_MOVE = YES;
				CLANG_WARN_UNGUARDED_AVAILABILITY = YES_AGGRESSIVE;
				CLANG_WARN_UNREACHABLE_CODE = YES;
				CLANG_WARN__DUPLICATE_METHOD_MATCH = YES;
				COPY_PHASE_STRIP = NO;
				DEBUG_INFORMATION_FORMAT = dwarf;
				ENABLE_STRICT_OBJC_MSGSEND = YES;
				ENABLE_TESTABILITY = YES;
				ENABLE_USER_SCRIPT_SANDBOXING = YES;
				GCC_C_LANGUAGE_STANDARD = gnu11;
				GCC_DYNAMIC_NO_PIC = NO;
				GCC_NO_COMMON_BLOCKS = YES;
				GCC_OPTIMIZATION_LEVEL = 0;
				GCC_PREPROCESSOR_DEFINITIONS = (
					"DEBUG=1",
					"$(inherited)",
				);
				GCC_WARN_64_TO_32_BIT_CONVERSION = YES;
				GCC_WARN_ABOUT_RETURN_TYPE = YES_ERROR;
				GCC_WARN_UNDECLARED_SELECTOR = YES;
				GCC_WARN_UNINITIALIZED_AUTOS = YES_AGGRESSIVE;
				GCC_WARN_UNUSED_FUNCTION = YES;
				GCC_WARN_UNUSED_VARIABLE = YES;
				IPHONEOS_DEPLOYMENT_TARGET = 17.2;
				MTL_ENABLE_DEBUG_INFO = INCLUDE_SOURCE;
				MTL_FAST_MATH = YES;
				ONLY_ACTIVE_ARCH = YES;
				SDKROOT = iphoneos;
				SWIFT_ACTIVE_COMPILATION_CONDITIONS = DEBUG;
				SWIFT_OPTIMIZATION_LEVEL = "-Onone";
			};
			name = Debug;
		};
		8A8EFE372A45B2A000282186 /* Release */ = {
			isa = XCBuildConfiguration;
			buildSettings = {
				ALWAYS_SEARCH_USER_PATHS = NO;
				CLANG_ANALYZER_NONNULL = YES;
				CLANG_ANALYZER_NUMBER_OBJECT_CONVERSION = YES_AGGRESSIVE;
				CLANG_CXX_LANGUAGE_STANDARD = "gnu++20";
				CLANG_ENABLE_MODULES = YES;
				CLANG_ENABLE_OBJC_ARC = YES;
				CLANG_ENABLE_OBJC_WEAK = YES;
				CLANG_WARN_BLOCK_CAPTURE_AUTORELEASING = YES;
				CLANG_WARN_BOOL_CONVERSION = YES;
				CLANG_WARN_COMMA = YES;
				CLANG_WARN_CONSTANT_CONVERSION = YES;
				CLANG_WARN_DEPRECATED_OBJC_IMPLEMENTATIONS = YES;
				CLANG_WARN_DIRECT_OBJC_ISA_USAGE = YES_ERROR;
				CLANG_WARN_DOCUMENTATION_COMMENTS = YES;
				CLANG_WARN_EMPTY_BODY = YES;
				CLANG_WARN_ENUM_CONVERSION = YES;
				CLANG_WARN_INFINITE_RECURSION = YES;
				CLANG_WARN_INT_CONVERSION = YES;
				CLANG_WARN_NON_LITERAL_NULL_CONVERSION = YES;
				CLANG_WARN_OBJC_IMPLICIT_RETAIN_SELF = YES;
				CLANG_WARN_OBJC_LITERAL_CONVERSION = YES;
				CLANG_WARN_OBJC_ROOT_CLASS = YES_ERROR;
				CLANG_WARN_QUOTED_INCLUDE_IN_FRAMEWORK_HEADER = YES;
				CLANG_WARN_RANGE_LOOP_ANALYSIS = YES;
				CLANG_WARN_STRICT_PROTOTYPES = YES;
				CLANG_WARN_SUSPICIOUS_MOVE = YES;
				CLANG_WARN_UNGUARDED_AVAILABILITY = YES_AGGRESSIVE;
				CLANG_WARN_UNREACHABLE_CODE = YES;
				CLANG_WARN__DUPLICATE_METHOD_MATCH = YES;
				COPY_PHASE_STRIP = NO;
				DEBUG_INFORMATION_FORMAT = "dwarf-with-dsym";
				ENABLE_NS_ASSERTIONS = NO;
				ENABLE_STRICT_OBJC_MSGSEND = YES;
				ENABLE_USER_SCRIPT_SANDBOXING = YES;
				GCC_C_LANGUAGE_STANDARD = gnu11;
				GCC_NO_COMMON_BLOCKS = YES;
				GCC_WARN_64_TO_32_BIT_CONVERSION = YES;
				GCC_WARN_ABOUT_RETURN_TYPE = YES_ERROR;
				GCC_WARN_UNDECLARED_SELECTOR = YES;
				GCC_WARN_UNINITIALIZED_AUTOS = YES_AGGRESSIVE;
				GCC_WARN_UNUSED_FUNCTION = YES;
				GCC_WARN_UNUSED_VARIABLE = YES;
				IPHONEOS_DEPLOYMENT_TARGET = 17.2;
				MTL_ENABLE_DEBUG_INFO = NO;
				MTL_FAST_MATH = YES;
				SDKROOT = iphoneos;
				SWIFT_COMPILATION_MODE = wholemodule;
				SWIFT_OPTIMIZATION_LEVEL = "-O";
				VALIDATE_PRODUCT = YES;
			};
			name = Release;
		};
		8A8EFE392A45B2A000282186 /* Debug */ = {
			isa = XCBuildConfiguration;
			buildSettings = {
				ASSETCATALOG_COMPILER_APPICON_NAME = AppIcon;
				ASSETCATALOG_COMPILER_GLOBAL_ACCENT_COLOR_NAME = AccentColor;
				CODE_SIGN_STYLE = Automatic;
				CURRENT_PROJECT_VERSION = 1;
				DEVELOPMENT_ASSET_PATHS = "\"catilhos/Preview Content\"";
				DEVELOPMENT_TEAM = 7T93UNM5FF;
				ENABLE_PREVIEWS = YES;
				GENERATE_INFOPLIST_FILE = YES;
				INFOPLIST_KEY_UIApplicationSceneManifest_Generation = YES;
				INFOPLIST_KEY_UIApplicationSupportsIndirectInputEvents = YES;
				INFOPLIST_KEY_UILaunchScreen_Generation = YES;
				INFOPLIST_KEY_UISupportedInterfaceOrientations_iPad = "UIInterfaceOrientationPortrait UIInterfaceOrientationPortraitUpsideDown UIInterfaceOrientationLandscapeLeft UIInterfaceOrientationLandscapeRight";
				INFOPLIST_KEY_UISupportedInterfaceOrientations_iPhone = "UIInterfaceOrientationPortrait UIInterfaceOrientationLandscapeLeft UIInterfaceOrientationLandscapeRight";
				LD_RUNPATH_SEARCH_PATHS = (
					"$(inherited)",
					"@executable_path/Frameworks",
				);
				MARKETING_VERSION = 1.0;
				PRODUCT_BUNDLE_IDENTIFIER = meunomeecris.catilhos;
				PRODUCT_NAME = "$(TARGET_NAME)";
				SWIFT_EMIT_LOC_STRINGS = YES;
				SWIFT_VERSION = 5.0;
				TARGETED_DEVICE_FAMILY = "1,2";
			};
			name = Debug;
		};
		8A8EFE3A2A45B2A000282186 /* Release */ = {
			isa = XCBuildConfiguration;
			buildSettings = {
				ASSETCATALOG_COMPILER_APPICON_NAME = AppIcon;
				ASSETCATALOG_COMPILER_GLOBAL_ACCENT_COLOR_NAME = AccentColor;
				CODE_SIGN_STYLE = Automatic;
				CURRENT_PROJECT_VERSION = 1;
				DEVELOPMENT_ASSET_PATHS = "\"catilhos/Preview Content\"";
				DEVELOPMENT_TEAM = 7T93UNM5FF;
				ENABLE_PREVIEWS = YES;
				GENERATE_INFOPLIST_FILE = YES;
				INFOPLIST_KEY_UIApplicationSceneManifest_Generation = YES;
				INFOPLIST_KEY_UIApplicationSupportsIndirectInputEvents = YES;
				INFOPLIST_KEY_UILaunchScreen_Generation = YES;
				INFOPLIST_KEY_UISupportedInterfaceOrientations_iPad = "UIInterfaceOrientationPortrait UIInterfaceOrientationPortraitUpsideDown UIInterfaceOrientationLandscapeLeft UIInterfaceOrientationLandscapeRight";
				INFOPLIST_KEY_UISupportedInterfaceOrientations_iPhone = "UIInterfaceOrientationPortrait UIInterfaceOrientationLandscapeLeft UIInterfaceOrientationLandscapeRight";
				LD_RUNPATH_SEARCH_PATHS = (
					"$(inherited)",
					"@executable_path/Frameworks",
				);
				MARKETING_VERSION = 1.0;
				PRODUCT_BUNDLE_IDENTIFIER = meunomeecris.catilhos;
				PRODUCT_NAME = "$(TARGET_NAME)";
				SWIFT_EMIT_LOC_STRINGS = YES;
				SWIFT_VERSION = 5.0;
				TARGETED_DEVICE_FAMILY = "1,2";
			};
			name = Release;
		};
/* End XCBuildConfiguration section */

/* Begin XCConfigurationList section */
		8A8EFE252A45B29E00282186 /* Build configuration list for PBXProject "gatilhos" */ = {
			isa = XCConfigurationList;
			buildConfigurations = (
				8A8EFE362A45B2A000282186 /* Debug */,
				8A8EFE372A45B2A000282186 /* Release */,
			);
			defaultConfigurationIsVisible = 0;
			defaultConfigurationName = Release;
		};
		8A8EFE382A45B2A000282186 /* Build configuration list for PBXNativeTarget "gatilhos" */ = {
			isa = XCConfigurationList;
			buildConfigurations = (
				8A8EFE392A45B2A000282186 /* Debug */,
				8A8EFE3A2A45B2A000282186 /* Release */,
			);
			defaultConfigurationIsVisible = 0;
			defaultConfigurationName = Release;
		};
/* End XCConfigurationList section */
	};
	rootObject = 8A8EFE222A45B29E00282186 /* Project object */;
}
